
Microsoft Visual Studio Solution File, Format Version 12.00
# Visual Studio 15
VisualStudioVersion = 15.0.27004.2005
MinimumVisualStudioVersion = 10.0.40219.1
Project("{FAE04EC0-301F-11D3-BF4B-00C04F79EFBC}") = "Wsklima.Console", "Wsklima.Console\Wsklima.Console.csproj", "{CCAC3A82-785D-47E4-834B-64A76DB59837}"
EndProject
Project("{FAE04EC0-301F-11D3-BF4B-00C04F79EFBC}") = "Wsklima.Web", "Wsklima.Web\Wsklima.Web.csproj", "{E39A4DA1-D76C-49ED-A57B-3E912A6C873F}"
EndProject
Project("{FAE04EC0-301F-11D3-BF4B-00C04F79EFBC}") = "Wsklima.Api", "Wsklima.Api\Wsklima.Api.csproj", "{16C7989A-2DD1-40C6-B322-8F295D8025E4}"
EndProject
Global
	GlobalSection(SolutionConfigurationPlatforms) = preSolution
		Debug|Any CPU = Debug|Any CPU
		Release|Any CPU = Release|Any CPU
	EndGlobalSection
	GlobalSection(ProjectConfigurationPlatforms) = postSolution
		{CCAC3A82-785D-47E4-834B-64A76DB59837}.Debug|Any CPU.ActiveCfg = Debug|Any CPU
		{CCAC3A82-785D-47E4-834B-64A76DB59837}.Debug|Any CPU.Build.0 = Debug|Any CPU
		{CCAC3A82-785D-47E4-834B-64A76DB59837}.Release|Any CPU.ActiveCfg = Release|Any CPU
		{CCAC3A82-785D-47E4-834B-64A76DB59837}.Release|Any CPU.Build.0 = Release|Any CPU
		{E39A4DA1-D76C-49ED-A57B-3E912A6C873F}.Debug|Any CPU.ActiveCfg = Debug|Any CPU
		{E39A4DA1-D76C-49ED-A57B-3E912A6C873F}.Debug|Any CPU.Build.0 = Debug|Any CPU
		{E39A4DA1-D76C-49ED-A57B-3E912A6C873F}.Release|Any CPU.ActiveCfg = Release|Any CPU
		{E39A4DA1-D76C-49ED-A57B-3E912A6C873F}.Release|Any CPU.Build.0 = Release|Any CPU
		{16C7989A-2DD1-40C6-B322-8F295D8025E4}.Debug|Any CPU.ActiveCfg = Debug|Any CPU
		{16C7989A-2DD1-40C6-B322-8F295D8025E4}.Debug|Any CPU.Build.0 = Debug|Any CPU
		{16C7989A-2DD1-40C6-B322-8F295D8025E4}.Release|Any CPU.ActiveCfg = Release|Any CPU
		{16C7989A-2DD1-40C6-B322-8F295D8025E4}.Release|Any CPU.Build.0 = Release|Any CPU
	EndGlobalSection
	GlobalSection(SolutionProperties) = preSolution
		HideSolutionNode = FALSE
	EndGlobalSection
	GlobalSection(ExtensibilityGlobals) = postSolution
		SolutionGuid = {4156A305-8D46-4EF7-94A9-3809B459E0CC}
	EndGlobalSection
EndGlobal
